
Microsoft Visual Studio Solution File, Format Version 12.00
# Visual Studio Version 17
VisualStudioVersion = 17.6.33801.468
MinimumVisualStudioVersion = 10.0.40219.1
Project("{9A19103F-16F7-4668-BE54-9A1E7A4F7556}") = "BlogChampion", "BlogChampion.csproj", "{B241D6EF-5631-4AD9-942E-5F9C5260BB9F}"
EndProject
Global
	GlobalSection(SolutionConfigurationPlatforms) = preSolution
		Debug|Any CPU = Debug|Any CPU
		Release|Any CPU = Release|Any CPU
	EndGlobalSection
	GlobalSection(ProjectConfigurationPlatforms) = postSolution
		{B241D6EF-5631-4AD9-942E-5F9C5260BB9F}.Debug|Any CPU.ActiveCfg = Debug|Any CPU
		{B241D6EF-5631-4AD9-942E-5F9C5260BB9F}.Debug|Any CPU.Build.0 = Debug|Any CPU
		{B241D6EF-5631-4AD9-942E-5F9C5260BB9F}.Release|Any CPU.ActiveCfg = Release|Any CPU
		{B241D6EF-5631-4AD9-942E-5F9C5260BB9F}.Release|Any CPU.Build.0 = Release|Any CPU
	EndGlobalSection
	GlobalSection(SolutionProperties) = preSolution
		HideSolutionNode = FALSE
	EndGlobalSection
	GlobalSection(ExtensibilityGlobals) = postSolution
		SolutionGuid = {E96361A5-E732-41B1-9EA7-5F3D6CE7CDAF}
	EndGlobalSection
EndGlobal
